
Microsoft Visual Studio Solution File, Format Version 12.00
# Visual Studio Version 17
VisualStudioVersion = 17.10.35027.167
MinimumVisualStudioVersion = 10.0.40219.1
Project("{FAE04EC0-301F-11D3-BF4B-00C04F79EFBC}") = "ytdl", "ytdl\ytdl.csproj", "{FD5A983B-E76F-4C17-8B89-204BB17DF3AB}"
EndProject
Global
	GlobalSection(SolutionConfigurationPlatforms) = preSolution
		Debug|Any CPU = Debug|Any CPU
		Release|Any CPU = Release|Any CPU
	EndGlobalSection
	GlobalSection(ProjectConfigurationPlatforms) = postSolution
		{FD5A983B-E76F-4C17-8B89-204BB17DF3AB}.Debug|Any CPU.ActiveCfg = Debug|Any CPU
		{FD5A983B-E76F-4C17-8B89-204BB17DF3AB}.Debug|Any CPU.Build.0 = Debug|Any CPU
		{FD5A983B-E76F-4C17-8B89-204BB17DF3AB}.Release|Any CPU.ActiveCfg = Release|Any CPU
		{FD5A983B-E76F-4C17-8B89-204BB17DF3AB}.Release|Any CPU.Build.0 = Release|Any CPU
	EndGlobalSection
	GlobalSection(SolutionProperties) = preSolution
		HideSolutionNode = FALSE
	EndGlobalSection
	GlobalSection(ExtensibilityGlobals) = postSolution
		SolutionGuid = {3AE08EA6-53A3-4CD0-A5DA-B0956540513E}
	EndGlobalSection
EndGlobal
